
Microsoft Visual Studio Solution File, Format Version 12.00
# Visual Studio Version 16
VisualStudioVersion = 16.0.30907.101
MinimumVisualStudioVersion = 10.0.40219.1
Project("{FAE04EC0-301F-11D3-BF4B-00C04F79EFBC}") = "DataAccess", "DataAccess\DataAccess.csproj", "{F77B3FB0-01F6-464B-BC99-D25188EB3CF2}"
EndProject
Project("{FAE04EC0-301F-11D3-BF4B-00C04F79EFBC}") = "Business", "Business\Business.csproj", "{F211396A-52C4-4D68-8D50-BFBEF11B0ACC}"
EndProject
Project("{FAE04EC0-301F-11D3-BF4B-00C04F79EFBC}") = "Entities", "Entities\Entities.csproj", "{D4203492-74B6-4786-B586-79F7D0DE89FD}"
EndProject
Project("{FAE04EC0-301F-11D3-BF4B-00C04F79EFBC}") = "ConsoleUI", "ConsoleUI\ConsoleUI.csproj", "{C40BFB73-4202-4467-81B4-CE21CCE9D8A5}"
EndProject
Global
	GlobalSection(SolutionConfigurationPlatforms) = preSolution
		Debug|Any CPU = Debug|Any CPU
		Release|Any CPU = Release|Any CPU
	EndGlobalSection
	GlobalSection(ProjectConfigurationPlatforms) = postSolution
		{F77B3FB0-01F6-464B-BC99-D25188EB3CF2}.Debug|Any CPU.ActiveCfg = Debug|Any CPU
		{F77B3FB0-01F6-464B-BC99-D25188EB3CF2}.Debug|Any CPU.Build.0 = Debug|Any CPU
		{F77B3FB0-01F6-464B-BC99-D25188EB3CF2}.Release|Any CPU.ActiveCfg = Release|Any CPU
		{F77B3FB0-01F6-464B-BC99-D25188EB3CF2}.Release|Any CPU.Build.0 = Release|Any CPU
		{F211396A-52C4-4D68-8D50-BFBEF11B0ACC}.Debug|Any CPU.ActiveCfg = Debug|Any CPU
		{F211396A-52C4-4D68-8D50-BFBEF11B0ACC}.Debug|Any CPU.Build.0 = Debug|Any CPU
		{F211396A-52C4-4D68-8D50-BFBEF11B0ACC}.Release|Any CPU.ActiveCfg = Release|Any CPU
		{F211396A-52C4-4D68-8D50-BFBEF11B0ACC}.Release|Any CPU.Build.0 = Release|Any CPU
		{D4203492-74B6-4786-B586-79F7D0DE89FD}.Debug|Any CPU.ActiveCfg = Debug|Any CPU
		{D4203492-74B6-4786-B586-79F7D0DE89FD}.Debug|Any CPU.Build.0 = Debug|Any CPU
		{D4203492-74B6-4786-B586-79F7D0DE89FD}.Release|Any CPU.ActiveCfg = Release|Any CPU
		{D4203492-74B6-4786-B586-79F7D0DE89FD}.Release|Any CPU.Build.0 = Release|Any CPU
		{C40BFB73-4202-4467-81B4-CE21CCE9D8A5}.Debug|Any CPU.ActiveCfg = Debug|Any CPU
		{C40BFB73-4202-4467-81B4-CE21CCE9D8A5}.Debug|Any CPU.Build.0 = Debug|Any CPU
		{C40BFB73-4202-4467-81B4-CE21CCE9D8A5}.Release|Any CPU.ActiveCfg = Release|Any CPU
		{C40BFB73-4202-4467-81B4-CE21CCE9D8A5}.Release|Any CPU.Build.0 = Release|Any CPU
	EndGlobalSection
	GlobalSection(SolutionProperties) = preSolution
		HideSolutionNode = FALSE
	EndGlobalSection
	GlobalSection(ExtensibilityGlobals) = postSolution
		SolutionGuid = {FC1DD226-F544-4EE2-92D6-18300F697342}
	EndGlobalSection
EndGlobal
